
Microsoft Visual Studio Solution File, Format Version 12.00
# Visual Studio Version 17
VisualStudioVersion = 17.2.32519.379
MinimumVisualStudioVersion = 10.0.40219.1
Project("{FAE04EC0-301F-11D3-BF4B-00C04F79EFBC}") = "pryGrafeuilleTP1Parte3", "pryGrafeuilleTP1Parte3.csproj", "{BDA3EF7E-6139-4F17-9591-5B44365FE108}"
EndProject
Global
	GlobalSection(SolutionConfigurationPlatforms) = preSolution
		Debug|Any CPU = Debug|Any CPU
		Release|Any CPU = Release|Any CPU
	EndGlobalSection
	GlobalSection(ProjectConfigurationPlatforms) = postSolution
		{BDA3EF7E-6139-4F17-9591-5B44365FE108}.Debug|Any CPU.ActiveCfg = Debug|Any CPU
		{BDA3EF7E-6139-4F17-9591-5B44365FE108}.Debug|Any CPU.Build.0 = Debug|Any CPU
		{BDA3EF7E-6139-4F17-9591-5B44365FE108}.Release|Any CPU.ActiveCfg = Release|Any CPU
		{BDA3EF7E-6139-4F17-9591-5B44365FE108}.Release|Any CPU.Build.0 = Release|Any CPU
	EndGlobalSection
	GlobalSection(SolutionProperties) = preSolution
		HideSolutionNode = FALSE
	EndGlobalSection
	GlobalSection(ExtensibilityGlobals) = postSolution
		SolutionGuid = {6AB7BB82-CA9F-4789-BD50-B5812B226400}
	EndGlobalSection
EndGlobal
